{
  "lockfileVersion": 1,
  "configVersion": 1,
  "workspaces": {
    "": {
      "name": "maruhi-test-vector-tools",
      "devDependencies": {
        "@hpke/core": "1.9.0",
        "@hpke/dhkem-x25519": "1.8.0",
        "hpke": "1.1.4",
      },
    },
  },
  "packages": {
    "@hpke/common": ["@hpke/common@1.10.1", "", {}, "sha512-moJwhmtLtuxiUzzNp1jpfBfx8yefKoO9D/RCR9dmwrnc7qjJqId1rEtQz+lSlU5cabX8daToMSx/7HayXOiaFw=="],

    "@hpke/core": ["@hpke/core@1.9.0", "", { "dependencies": { "@hpke/common": "^1.10.0" } }, "sha512-pFxWl1nNJeQCSUFs7+GAblHvXBCjn9EPN65vdKlYQil2aURaRxfGMO6vBKGqm1YHTKwiAxJQNEI70PbSowMP9Q=="],

    "@hpke/dhkem-x25519": ["@hpke/dhkem-x25519@1.8.0", "", { "dependencies": { "@hpke/common": "^1.10.0" } }, "sha512-S1MWWkAfu+TFxySgv5+2P3O4Mx/jk7BsoplzQaA1s3sfUJVJ2UsZsSzSsMc+FXJumLXncoJFlO6mK6mDGspfmA=="],

    "hpke": ["hpke@1.1.4", "", {}, "sha512-cPzmFEsiyNnD7281X5WeZ461mbH+3P+rjWMSNrLO5rks7dAJvFXAyMwCmorB61pxt+jBnd0GQ6CY43TqOxmhCQ=="],
  }
}
